
Microsoft Visual Studio Solution File, Format Version 12.00
# Visual Studio Version 17
VisualStudioVersion = 17.0.31903.59
MinimumVisualStudioVersion = 10.0.40219.1
Project("{2150E333-8FDC-42A3-9474-1A3956D46DE8}") = "src", "src", "{827E0CD3-B72D-47B6-A68D-7590B98EB39B}"
EndProject
Project("{FAE04EC0-301F-11D3-BF4B-00C04F79EFBC}") = "TaskLens.App", "src\TaskLens.App\TaskLens.App.csproj", "{D7320280-6008-4F27-927F-36C050B31E0B}"
EndProject
Project("{FAE04EC0-301F-11D3-BF4B-00C04F79EFBC}") = "TaskLens.Core", "src\TaskLens.Core\TaskLens.Core.csproj", "{D5CCDAE9-5928-4132-93F5-05ECEFDD08B5}"
EndProject
Project("{FAE04EC0-301F-11D3-BF4B-00C04F79EFBC}") = "TaskLens.Core.Tests", "tests\TaskLens.Core.Tests\TaskLens.Core.Tests.csproj", "{16C43B2B-81DC-43E3-BDF0-02C044C0FB79}"
EndProject
Global
	GlobalSection(SolutionConfigurationPlatforms) = preSolution
		Debug|Any CPU = Debug|Any CPU
		Debug|x64 = Debug|x64
		Debug|x86 = Debug|x86
		Release|Any CPU = Release|Any CPU
		Release|x64 = Release|x64
		Release|x86 = Release|x86
	EndGlobalSection
	GlobalSection(ProjectConfigurationPlatforms) = postSolution
		{D7320280-6008-4F27-927F-36C050B31E0B}.Debug|Any CPU.ActiveCfg = Debug|x86
		{D7320280-6008-4F27-927F-36C050B31E0B}.Debug|Any CPU.Build.0 = Debug|x86
		{D7320280-6008-4F27-927F-36C050B31E0B}.Debug|x64.ActiveCfg = Debug|x64
		{D7320280-6008-4F27-927F-36C050B31E0B}.Debug|x64.Build.0 = Debug|x64
		{D7320280-6008-4F27-927F-36C050B31E0B}.Debug|x86.ActiveCfg = Debug|x86
		{D7320280-6008-4F27-927F-36C050B31E0B}.Debug|x86.Build.0 = Debug|x86
		{D7320280-6008-4F27-927F-36C050B31E0B}.Release|Any CPU.ActiveCfg = Release|x86
		{D7320280-6008-4F27-927F-36C050B31E0B}.Release|Any CPU.Build.0 = Release|x86
		{D7320280-6008-4F27-927F-36C050B31E0B}.Release|x64.ActiveCfg = Release|x64
		{D7320280-6008-4F27-927F-36C050B31E0B}.Release|x64.Build.0 = Release|x64
		{D7320280-6008-4F27-927F-36C050B31E0B}.Release|x86.ActiveCfg = Release|x86
		{D7320280-6008-4F27-927F-36C050B31E0B}.Release|x86.Build.0 = Release|x86
		{D5CCDAE9-5928-4132-93F5-05ECEFDD08B5}.Debug|Any CPU.ActiveCfg = Debug|Any CPU
		{D5CCDAE9-5928-4132-93F5-05ECEFDD08B5}.Debug|Any CPU.Build.0 = Debug|Any CPU
		{D5CCDAE9-5928-4132-93F5-05ECEFDD08B5}.Debug|x64.ActiveCfg = Debug|Any CPU
		{D5CCDAE9-5928-4132-93F5-05ECEFDD08B5}.Debug|x64.Build.0 = Debug|Any CPU
		{D5CCDAE9-5928-4132-93F5-05ECEFDD08B5}.Debug|x86.ActiveCfg = Debug|Any CPU
		{D5CCDAE9-5928-4132-93F5-05ECEFDD08B5}.Debug|x86.Build.0 = Debug|Any CPU
		{D5CCDAE9-5928-4132-93F5-05ECEFDD08B5}.Release|Any CPU.ActiveCfg = Release|Any CPU
		{D5CCDAE9-5928-4132-93F5-05ECEFDD08B5}.Release|Any CPU.Build.0 = Release|Any CPU
		{D5CCDAE9-5928-4132-93F5-05ECEFDD08B5}.Release|x64.ActiveCfg = Release|Any CPU
		{D5CCDAE9-5928-4132-93F5-05ECEFDD08B5}.Release|x64.Build.0 = Release|Any CPU
		{D5CCDAE9-5928-4132-93F5-05ECEFDD08B5}.Release|x86.ActiveCfg = Release|Any CPU
		{D5CCDAE9-5928-4132-93F5-05ECEFDD08B5}.Release|x86.Build.0 = Release|Any CPU
		{16C43B2B-81DC-43E3-BDF0-02C044C0FB79}.Debug|Any CPU.ActiveCfg = Debug|Any CPU
		{16C43B2B-81DC-43E3-BDF0-02C044C0FB79}.Debug|Any CPU.Build.0 = Debug|Any CPU
		{16C43B2B-81DC-43E3-BDF0-02C044C0FB79}.Debug|x64.ActiveCfg = Debug|Any CPU
		{16C43B2B-81DC-43E3-BDF0-02C044C0FB79}.Debug|x64.Build.0 = Debug|Any CPU
		{16C43B2B-81DC-43E3-BDF0-02C044C0FB79}.Debug|x86.ActiveCfg = Debug|Any CPU
		{16C43B2B-81DC-43E3-BDF0-02C044C0FB79}.Debug|x86.Build.0 = Debug|Any CPU
		{16C43B2B-81DC-43E3-BDF0-02C044C0FB79}.Release|Any CPU.ActiveCfg = Release|Any CPU
		{16C43B2B-81DC-43E3-BDF0-02C044C0FB79}.Release|Any CPU.Build.0 = Release|Any CPU
		{16C43B2B-81DC-43E3-BDF0-02C044C0FB79}.Release|x64.ActiveCfg = Release|Any CPU
		{16C43B2B-81DC-43E3-BDF0-02C044C0FB79}.Release|x64.Build.0 = Release|Any CPU
		{16C43B2B-81DC-43E3-BDF0-02C044C0FB79}.Release|x86.ActiveCfg = Release|Any CPU
		{16C43B2B-81DC-43E3-BDF0-02C044C0FB79}.Release|x86.Build.0 = Release|Any CPU
	EndGlobalSection
	GlobalSection(SolutionProperties) = preSolution
		HideSolutionNode = FALSE
	EndGlobalSection
	GlobalSection(NestedProjects) = preSolution
		{D7320280-6008-4F27-927F-36C050B31E0B} = {827E0CD3-B72D-47B6-A68D-7590B98EB39B}
		{D5CCDAE9-5928-4132-93F5-05ECEFDD08B5} = {827E0CD3-B72D-47B6-A68D-7590B98EB39B}
		{16C43B2B-81DC-43E3-BDF0-02C044C0FB79} = {827E0CD3-B72D-47B6-A68D-7590B98EB39B}
	EndGlobalSection
EndGlobal
